// !$*UTF8*$!
{
	archiveVersion = 1;
	classes = {
	};
	objectVersion = 55;
	objects = {

/* Begin PBXBuildFile section */
		DF26A5E228C2C505002265DA /* AppDelegate.swift in Sources */ = {isa = PBXBuildFile; fileRef = DF26A5E128C2C505002265DA /* AppDelegate.swift */; };
		DF26A5E428C2C505002265DA /* SceneDelegate.swift in Sources */ = {isa = PBXBuildFile; fileRef = DF26A5E328C2C505002265DA /* SceneDelegate.swift */; };
		DF26A5EB28C2C506002265DA /* Assets.xcassets in Resources */ = {isa = PBXBuildFile; fileRef = DF26A5EA28C2C506002265DA /* Assets.xcassets */; };
		DF26A5EE28C2C506002265DA /* LaunchScreen.storyboard in Resources */ = {isa = PBXBuildFile; fileRef = DF26A5EC28C2C506002265DA /* LaunchScreen.storyboard */; };
		DF26A5F628C2C9AD002265DA /* AnimationViewController.swift in Sources */ = {isa = PBXBuildFile; fileRef = DF26A5F528C2C9AD002265DA /* AnimationViewController.swift */; };
		DF26A5FB28C2D0E0002265DA /* View.swift in Sources */ = {isa = PBXBuildFile; fileRef = DF26A5FA28C2D0E0002265DA /* View.swift */; };
		DF26A60428C2D268002265DA /* CardView.swift in Sources */ = {isa = PBXBuildFile; fileRef = DF26A60328C2D268002265DA /* CardView.swift */; };
		DF26A60728C2D3B6002265DA /* ViewCoding.swift in Sources */ = {isa = PBXBuildFile; fileRef = DF26A60628C2D3B6002265DA /* ViewCoding.swift */; };
/* End PBXBuildFile section */

/* Begin PBXFileReference section */
		DF26A5DE28C2C505002265DA /* ghibliYTB.app */ = {isa = PBXFileReference; explicitFileType = wrapper.application; includeInIndex = 0; path = ghibliYTB.app; sourceTree = BUILT_PRODUCTS_DIR; };
		DF26A5E128C2C505002265DA /* AppDelegate.swift */ = {isa = PBXFileReference; lastKnownFileType = sourcecode.swift; path = AppDelegate.swift; sourceTree = "<group>"; };
		DF26A5E328C2C505002265DA /* SceneDelegate.swift */ = {isa = PBXFileReference; lastKnownFileType = sourcecode.swift; path = SceneDelegate.swift; sourceTree = "<group>"; };
		DF26A5EA28C2C506002265DA /* Assets.xcassets */ = {isa = PBXFileReference; lastKnownFileType = folder.assetcatalog; path = Assets.xcassets; sourceTree = "<group>"; };
		DF26A5ED28C2C506002265DA /* Base */ = {isa = PBXFileReference; lastKnownFileType = file.storyboard; name = Base; path = Base.lproj/LaunchScreen.storyboard; sourceTree = "<group>"; };
		DF26A5EF28C2C506002265DA /* Info.plist */ = {isa = PBXFileReference; lastKnownFileType = text.plist.xml; path = Info.plist; sourceTree = "<group>"; };
		DF26A5F528C2C9AD002265DA /* AnimationViewController.swift */ = {isa = PBXFileReference; lastKnownFileType = sourcecode.swift; path = AnimationViewController.swift; sourceTree = "<group>"; };
		DF26A5FA28C2D0E0002265DA /* View.swift */ = {isa = PBXFileReference; lastKnownFileType = sourcecode.swift; path = View.swift; sourceTree = "<group>"; };
		DF26A60328C2D268002265DA /* CardView.swift */ = {isa = PBXFileReference; lastKnownFileType = sourcecode.swift; path = CardView.swift; sourceTree = "<group>"; };
		DF26A60628C2D3B6002265DA /* ViewCoding.swift */ = {isa = PBXFileReference; lastKnownFileType = sourcecode.swift; path = ViewCoding.swift; sourceTree = "<group>"; };
/* End PBXFileReference section */

/* Begin PBXFrameworksBuildPhase section */
		DF26A5DB28C2C505002265DA /* Frameworks */ = {
			isa = PBXFrameworksBuildPhase;
			buildActionMask = 2147483647;
			files = (
			);
			runOnlyForDeploymentPostprocessing = 0;
		};
/* End PBXFrameworksBuildPhase section */

/* Begin PBXGroup section */
		DF26A5D528C2C505002265DA = {
			isa = PBXGroup;
			children = (
				DF26A5E028C2C505002265DA /* ghibliYTB */,
				DF26A5DF28C2C505002265DA /* Products */,
			);
			sourceTree = "<group>";
		};
		DF26A5DF28C2C505002265DA /* Products */ = {
			isa = PBXGroup;
			children = (
				DF26A5DE28C2C505002265DA /* ghibliYTB.app */,
			);
			name = Products;
			sourceTree = "<group>";
		};
		DF26A5E028C2C505002265DA /* ghibliYTB */ = {
			isa = PBXGroup;
			children = (
				DF26A60028C2D1FC002265DA /* Resources */,
				DF26A5FF28C2D1ED002265DA /* Appplication */,
				DF26A5FE28C2D1DF002265DA /* Sources */,
				DF26A5EF28C2C506002265DA /* Info.plist */,
			);
			path = ghibliYTB;
			sourceTree = "<group>";
		};
		DF26A5F928C2D0CE002265DA /* Extensions */ = {
			isa = PBXGroup;
			children = (
				DF26A5FA28C2D0E0002265DA /* View.swift */,
			);
			path = Extensions;
			sourceTree = "<group>";
		};
		DF26A5FC28C2D1B9002265DA /* View */ = {
			isa = PBXGroup;
			children = (
				DF26A5FD28C2D1C0002265DA /* Animation */,
			);
			path = View;
			sourceTree = "<group>";
		};
		DF26A5FD28C2D1C0002265DA /* Animation */ = {
			isa = PBXGroup;
			children = (
				DF26A60128C2D243002265DA /* Components */,
				DF26A5F528C2C9AD002265DA /* AnimationViewController.swift */,
			);
			path = Animation;
			sourceTree = "<group>";
		};
		DF26A5FE28C2D1DF002265DA /* Sources */ = {
			isa = PBXGroup;
			children = (
				DF26A60528C2D3A5002265DA /* Protocols */,
				DF26A5F928C2D0CE002265DA /* Extensions */,
				DF26A5FC28C2D1B9002265DA /* View */,
			);
			path = Sources;
			sourceTree = "<group>";
		};
		DF26A5FF28C2D1ED002265DA /* Appplication */ = {
			isa = PBXGroup;
			children = (
				DF26A5E128C2C505002265DA /* AppDelegate.swift */,
				DF26A5E328C2C505002265DA /* SceneDelegate.swift */,
				DF26A5EC28C2C506002265DA /* LaunchScreen.storyboard */,
			);
			path = Appplication;
			sourceTree = "<group>";
		};
		DF26A60028C2D1FC002265DA /* Resources */ = {
			isa = PBXGroup;
			children = (
				DF26A5EA28C2C506002265DA /* Assets.xcassets */,
			);
			path = Resources;
			sourceTree = "<group>";
		};
		DF26A60128C2D243002265DA /* Components */ = {
			isa = PBXGroup;
			children = (
				DF26A60328C2D268002265DA /* CardView.swift */,
			);
			path = Components;
			sourceTree = "<group>";
		};
		DF26A60528C2D3A5002265DA /* Protocols */ = {
			isa = PBXGroup;
			children = (
				DF26A60628C2D3B6002265DA /* ViewCoding.swift */,
			);
			path = Protocols;
			sourceTree = "<group>";
		};
/* End PBXGroup section */

/* Begin PBXNativeTarget section */
		DF26A5DD28C2C505002265DA /* ghibliYTB */ = {
			isa = PBXNativeTarget;
			buildConfigurationList = DF26A5F228C2C506002265DA /* Build configuration list for PBXNativeTarget "ghibliYTB" */;
			buildPhases = (
				DF26A5DA28C2C505002265DA /* Sources */,
				DF26A5DB28C2C505002265DA /* Frameworks */,
				DF26A5DC28C2C505002265DA /* Resources */,
			);
			buildRules = (
			);
			dependencies = (
			);
			name = ghibliYTB;
			productName = ghibliYTB;
			productReference = DF26A5DE28C2C505002265DA /* ghibliYTB.app */;
			productType = "com.apple.product-type.application";
		};
/* End PBXNativeTarget section */

/* Begin PBXProject section */
		DF26A5D628C2C505002265DA /* Project object */ = {
			isa = PBXProject;
			attributes = {
				BuildIndependentTargetsInParallel = 1;
				LastSwiftUpdateCheck = 1340;
				LastUpgradeCheck = 1340;
				TargetAttributes = {
					DF26A5DD28C2C505002265DA = {
						CreatedOnToolsVersion = 13.4.1;
					};
				};
			};
			buildConfigurationList = DF26A5D928C2C505002265DA /* Build configuration list for PBXProject "ghibliYTB" */;
			compatibilityVersion = "Xcode 13.0";
			developmentRegion = en;
			hasScannedForEncodings = 0;
			knownRegions = (
				en,
				Base,
			);
			mainGroup = DF26A5D528C2C505002265DA;
			productRefGroup = DF26A5DF28C2C505002265DA /* Products */;
			projectDirPath = "";
			projectRoot = "";
			targets = (
				DF26A5DD28C2C505002265DA /* ghibliYTB */,
			);
		};
/* End PBXProject section */

/* Begin PBXResourcesBuildPhase section */
		DF26A5DC28C2C505002265DA /* Resources */ = {
			isa = PBXResourcesBuildPhase;
			buildActionMask = 2147483647;
			files = (
				DF26A5EE28C2C506002265DA /* LaunchScreen.storyboard in Resources */,
				DF26A5EB28C2C506002265DA /* Assets.xcassets in Resources */,
			);
			runOnlyForDeploymentPostprocessing = 0;
		};
/* End PBXResourcesBuildPhase section */

/* Begin PBXSourcesBuildPhase section */
		DF26A5DA28C2C505002265DA /* Sources */ = {
			isa = PBXSourcesBuildPhase;
			buildActionMask = 2147483647;
			files = (
				DF26A5FB28C2D0E0002265DA /* View.swift in Sources */,
				DF26A60728C2D3B6002265DA /* ViewCoding.swift in Sources */,
				DF26A5F628C2C9AD002265DA /* AnimationViewController.swift in Sources */,
				DF26A5E228C2C505002265DA /* AppDelegate.swift in Sources */,
				DF26A5E428C2C505002265DA /* SceneDelegate.swift in Sources */,
				DF26A60428C2D268002265DA /* CardView.swift in Sources */,
			);
			runOnlyForDeploymentPostprocessing = 0;
		};
/* End PBXSourcesBuildPhase section */

/* Begin PBXVariantGroup section */
		DF26A5EC28C2C506002265DA /* LaunchScreen.storyboard */ = {
			isa = PBXVariantGroup;
			children = (
				DF26A5ED28C2C506002265DA /* Base */,
			);
			name = LaunchScreen.storyboard;
			sourceTree = "<group>";
		};
/* End PBXVariantGroup section */

/* Begin XCBuildConfiguration section */
		DF26A5F028C2C506002265DA /* Debug */ = {
			isa = XCBuildConfiguration;
			buildSettings = {
				ALWAYS_SEARCH_USER_PATHS = NO;
				CLANG_ANALYZER_NONNULL = YES;
				CLANG_ANALYZER_NUMBER_OBJECT_CONVERSION = YES_AGGRESSIVE;
				CLANG_CXX_LANGUAGE_STANDARD = "gnu++17";
				CLANG_ENABLE_MODULES = YES;
				CLANG_ENABLE_OBJC_ARC = YES;
				CLANG_ENABLE_OBJC_WEAK = YES;
				CLANG_WARN_BLOCK_CAPTURE_AUTORELEASING = YES;
				CLANG_WARN_BOOL_CONVERSION = YES;
				CLANG_WARN_COMMA = YES;
				CLANG_WARN_CONSTANT_CONVERSION = YES;
				CLANG_WARN_DEPRECATED_OBJC_IMPLEMENTATIONS = YES;
				CLANG_WARN_DIRECT_OBJC_ISA_USAGE = YES_ERROR;
				CLANG_WARN_DOCUMENTATION_COMMENTS = YES;
				CLANG_WARN_EMPTY_BODY = YES;
				CLANG_WARN_ENUM_CONVERSION = YES;
				CLANG_WARN_INFINITE_RECURSION = YES;
				CLANG_WARN_INT_CONVERSION = YES;
				CLANG_WARN_NON_LITERAL_NULL_CONVERSION = YES;
				CLANG_WARN_OBJC_IMPLICIT_RETAIN_SELF = YES;
				CLANG_WARN_OBJC_LITERAL_CONVERSION = YES;
				CLANG_WARN_OBJC_ROOT_CLASS = YES_ERROR;
				CLANG_WARN_QUOTED_INCLUDE_IN_FRAMEWORK_HEADER = YES;
				CLANG_WARN_RANGE_LOOP_ANALYSIS = YES;
				CLANG_WARN_STRICT_PROTOTYPES = YES;
				CLANG_WARN_SUSPICIOUS_MOVE = YES;
				CLANG_WARN_UNGUARDED_AVAILABILITY = YES_AGGRESSIVE;
				CLANG_WARN_UNREACHABLE_CODE = YES;
				CLANG_WARN__DUPLICATE_METHOD_MATCH = YES;
				COPY_PHASE_STRIP = NO;
				DEBUG_INFORMATION_FORMAT = dwarf;
				ENABLE_STRICT_OBJC_MSGSEND = YES;
				ENABLE_TESTABILITY = YES;
				GCC_C_LANGUAGE_STANDARD = gnu11;
				GCC_DYNAMIC_NO_PIC = NO;
				GCC_NO_COMMON_BLOCKS = YES;
				GCC_OPTIMIZATION_LEVEL = 0;
				GCC_PREPROCESSOR_DEFINITIONS = (
					"DEBUG=1",
					"$(inherited)",
				);
				GCC_WARN_64_TO_32_BIT_CONVERSION = YES;
				GCC_WARN_ABOUT_RETURN_TYPE = YES_ERROR;
				GCC_WARN_UNDECLARED_SELECTOR = YES;
				GCC_WARN_UNINITIALIZED_AUTOS = YES_AGGRESSIVE;
				GCC_WARN_UNUSED_FUNCTION = YES;
				GCC_WARN_UNUSED_VARIABLE = YES;
				IPHONEOS_DEPLOYMENT_TARGET = 15.5;
				MTL_ENABLE_DEBUG_INFO = INCLUDE_SOURCE;
				MTL_FAST_MATH = YES;
				ONLY_ACTIVE_ARCH = YES;
				SDKROOT = iphoneos;
				SWIFT_ACTIVE_COMPILATION_CONDITIONS = DEBUG;
				SWIFT_OPTIMIZATION_LEVEL = "-Onone";
			};
			name = Debug;
		};
		DF26A5F128C2C506002265DA /* Release */ = {
			isa = XCBuildConfiguration;
			buildSettings = {
				ALWAYS_SEARCH_USER_PATHS = NO;
				CLANG_ANALYZER_NONNULL = YES;
				CLANG_ANALYZER_NUMBER_OBJECT_CONVERSION = YES_AGGRESSIVE;
				CLANG_CXX_LANGUAGE_STANDARD = "gnu++17";
				CLANG_ENABLE_MODULES = YES;
				CLANG_ENABLE_OBJC_ARC = YES;
				CLANG_ENABLE_OBJC_WEAK = YES;
				CLANG_WARN_BLOCK_CAPTURE_AUTORELEASING = YES;
				CLANG_WARN_BOOL_CONVERSION = YES;
				CLANG_WARN_COMMA = YES;
				CLANG_WARN_CONSTANT_CONVERSION = YES;
				CLANG_WARN_DEPRECATED_OBJC_IMPLEMENTATIONS = YES;
				CLANG_WARN_DIRECT_OBJC_ISA_USAGE = YES_ERROR;
				CLANG_WARN_DOCUMENTATION_COMMENTS = YES;
				CLANG_WARN_EMPTY_BODY = YES;
				CLANG_WARN_ENUM_CONVERSION = YES;
				CLANG_WARN_INFINITE_RECURSION = YES;
				CLANG_WARN_INT_CONVERSION = YES;
				CLANG_WARN_NON_LITERAL_NULL_CONVERSION = YES;
				CLANG_WARN_OBJC_IMPLICIT_RETAIN_SELF = YES;
				CLANG_WARN_OBJC_LITERAL_CONVERSION = YES;
				CLANG_WARN_OBJC_ROOT_CLASS = YES_ERROR;
				CLANG_WARN_QUOTED_INCLUDE_IN_FRAMEWORK_HEADER = YES;
				CLANG_WARN_RANGE_LOOP_ANALYSIS = YES;
				CLANG_WARN_STRICT_PROTOTYPES = YES;
				CLANG_WARN_SUSPICIOUS_MOVE = YES;
				CLANG_WARN_UNGUARDED_AVAILABILITY = YES_AGGRESSIVE;
				CLANG_WARN_UNREACHABLE_CODE = YES;
				CLANG_WARN__DUPLICATE_METHOD_MATCH = YES;
				COPY_PHASE_STRIP = NO;
				DEBUG_INFORMATION_FORMAT = "dwarf-with-dsym";
				ENABLE_NS_ASSERTIONS = NO;
				ENABLE_STRICT_OBJC_MSGSEND = YES;
				GCC_C_LANGUAGE_STANDARD = gnu11;
				GCC_NO_COMMON_BLOCKS = YES;
				GCC_WARN_64_TO_32_BIT_CONVERSION = YES;
				GCC_WARN_ABOUT_RETURN_TYPE = YES_ERROR;
				GCC_WARN_UNDECLARED_SELECTOR = YES;
				GCC_WARN_UNINITIALIZED_AUTOS = YES_AGGRESSIVE;
				GCC_WARN_UNUSED_FUNCTION = YES;
				GCC_WARN_UNUSED_VARIABLE = YES;
				IPHONEOS_DEPLOYMENT_TARGET = 15.5;
				MTL_ENABLE_DEBUG_INFO = NO;
				MTL_FAST_MATH = YES;
				SDKROOT = iphoneos;
				SWIFT_COMPILATION_MODE = wholemodule;
				SWIFT_OPTIMIZATION_LEVEL = "-O";
				VALIDATE_PRODUCT = YES;
			};
			name = Release;
		};
		DF26A5F328C2C506002265DA /* Debug */ = {
			isa = XCBuildConfiguration;
			buildSettings = {
				ASSETCATALOG_COMPILER_APPICON_NAME = AppIcon;
				ASSETCATALOG_COMPILER_GLOBAL_ACCENT_COLOR_NAME = AccentColor;
				CODE_SIGN_STYLE = Automatic;
				CURRENT_PROJECT_VERSION = 1;
				DEVELOPMENT_TEAM = 3PC4MSN8T7;
				GENERATE_INFOPLIST_FILE = YES;
				INFOPLIST_FILE = ghibliYTB/Info.plist;
				INFOPLIST_KEY_UIApplicationSupportsIndirectInputEvents = YES;
				INFOPLIST_KEY_UILaunchStoryboardName = LaunchScreen;
				INFOPLIST_KEY_UISupportedInterfaceOrientations_iPad = "UIInterfaceOrientationPortrait UIInterfaceOrientationPortraitUpsideDown UIInterfaceOrientationLandscapeLeft UIInterfaceOrientationLandscapeRight";
				INFOPLIST_KEY_UISupportedInterfaceOrientations_iPhone = "UIInterfaceOrientationPortrait UIInterfaceOrientationLandscapeLeft UIInterfaceOrientationLandscapeRight";
				LD_RUNPATH_SEARCH_PATHS = (
					"$(inherited)",
					"@executable_path/Frameworks",
				);
				MARKETING_VERSION = 1.0;
				PRODUCT_BUNDLE_IDENTIFIER = br.com.yago.ghibliYTB;
				PRODUCT_NAME = "$(TARGET_NAME)";
				SWIFT_EMIT_LOC_STRINGS = YES;
				SWIFT_VERSION = 5.0;
				TARGETED_DEVICE_FAMILY = "1,2";
			};
			name = Debug;
		};
		DF26A5F428C2C506002265DA /* Release */ = {
			isa = XCBuildConfiguration;
			buildSettings = {
				ASSETCATALOG_COMPILER_APPICON_NAME = AppIcon;
				ASSETCATALOG_COMPILER_GLOBAL_ACCENT_COLOR_NAME = AccentColor;
				CODE_SIGN_STYLE = Automatic;
				CURRENT_PROJECT_VERSION = 1;
				DEVELOPMENT_TEAM = 3PC4MSN8T7;
				GENERATE_INFOPLIST_FILE = YES;
				INFOPLIST_FILE = ghibliYTB/Info.plist;
				INFOPLIST_KEY_UIApplicationSupportsIndirectInputEvents = YES;
				INFOPLIST_KEY_UILaunchStoryboardName = LaunchScreen;
				INFOPLIST_KEY_UISupportedInterfaceOrientations_iPad = "UIInterfaceOrientationPortrait UIInterfaceOrientationPortraitUpsideDown UIInterfaceOrientationLandscapeLeft UIInterfaceOrientationLandscapeRight";
				INFOPLIST_KEY_UISupportedInterfaceOrientations_iPhone = "UIInterfaceOrientationPortrait UIInterfaceOrientationLandscapeLeft UIInterfaceOrientationLandscapeRight";
				LD_RUNPATH_SEARCH_PATHS = (
					"$(inherited)",
					"@executable_path/Frameworks",
				);
				MARKETING_VERSION = 1.0;
				PRODUCT_BUNDLE_IDENTIFIER = br.com.yago.ghibliYTB;
				PRODUCT_NAME = "$(TARGET_NAME)";
				SWIFT_EMIT_LOC_STRINGS = YES;
				SWIFT_VERSION = 5.0;
				TARGETED_DEVICE_FAMILY = "1,2";
			};
			name = Release;
		};
/* End XCBuildConfiguration section */

/* Begin XCConfigurationList section */
		DF26A5D928C2C505002265DA /* Build configuration list for PBXProject "ghibliYTB" */ = {
			isa = XCConfigurationList;
			buildConfigurations = (
				DF26A5F028C2C506002265DA /* Debug */,
				DF26A5F128C2C506002265DA /* Release */,
			);
			defaultConfigurationIsVisible = 0;
			defaultConfigurationName = Release;
		};
		DF26A5F228C2C506002265DA /* Build configuration list for PBXNativeTarget "ghibliYTB" */ = {
			isa = XCConfigurationList;
			buildConfigurations = (
				DF26A5F328C2C506002265DA /* Debug */,
				DF26A5F428C2C506002265DA /* Release */,
			);
			defaultConfigurationIsVisible = 0;
			defaultConfigurationName = Release;
		};
/* End XCConfigurationList section */
	};
	rootObject = DF26A5D628C2C505002265DA /* Project object */;
}
